PODS:
  - AFNetworking (2.2.0):
    - AFNetworking/NSURLConnection (= 2.2.0)
    - AFNetworking/NSURLSession (= 2.2.0)
    - AFNetworking/Reachability (= 2.2.0)
    - AFNetworking/Security (= 2.2.0)
    - AFNetworking/Serialization (= 2.2.0)
    - AFNetworking/UIKit (= 2.2.0)
  - AFNetworking/NSURLConnection (2.2.0):
    - AFNetworking/Reachability
    - AFNetworking/Security
    - AFNetworking/Serialization
  - AFNetworking/NSURLSession (2.2.0):
    - AFNetworking/NSURLConnection
  - AFNetworking/Reachability (2.2.0)
  - AFNetworking/Security (2.2.0)
  - AFNetworking/Serialization (2.2.0)
  - AFNetworking/UIKit (2.2.0):
    - AFNetworking/NSURLConnection
    - AFNetworking/NSURLSession
  - BlocksKit (2.2.5):
    - BlocksKit/All (= 2.2.5)
  - BlocksKit/All (2.2.5):
    - BlocksKit/Core
    - BlocksKit/DynamicDelegate
    - BlocksKit/MessageUI
    - BlocksKit/UIKit
  - BlocksKit/Core (2.2.5)
  - BlocksKit/DynamicDelegate (2.2.5)
  - BlocksKit/MessageUI (2.2.5):
    - BlocksKit/Core
    - BlocksKit/DynamicDelegate
  - BlocksKit/UIKit (2.2.5):
    - BlocksKit/Core
    - BlocksKit/DynamicDelegate
  - SDWebImage (3.7.0):
    - SDWebImage/Core (= 3.7.0)
  - SDWebImage/Core (3.7.0)
  - SVProgressHUD (1.1.2)

DEPENDENCIES:
  - AFNetworking (= 2.2.0)
  - BlocksKit (= 2.2.5)
  - SDWebImage (= 3.7.0)
  - SVProgressHUD (= 1.1.2)

SPEC CHECKSUMS:
  AFNetworking: 5f2538aa2d150b71d4e6cca3a420d796e1e1c374
  BlocksKit: 4439e7f30a9f90743462ca63545a15c1f4304cef
  SDWebImage: 791cb0f588046cb0bb7802ae8ae8f5462947b773
  SVProgressHUD: da7a49e789af645d9279ffbca62318945a832438

COCOAPODS: 0.35.0
