// !$*UTF8*$!
{
	archiveVersion = 1;
	classes = {
	};
	objectVersion = 46;
	objects = {

/* Begin PBXBuildFile section */
		761038C23CD5C8B939693762 /* libPods.a in Frameworks */ = {isa = PBXBuildFile; fileRef = CA41DBE74A0951A11E141058 /* libPods.a */; };
		A11BE3121B4F43A30056A2DA /* Merchant.swift in Sources */ = {isa = PBXBuildFile; fileRef = A11BE3111B4F43A30056A2DA /* Merchant.swift */; };
		A135813D1B51198100919E38 /* Promotion.swift in Sources */ = {isa = PBXBuildFile; fileRef = A135813C1B51198100919E38 /* Promotion.swift */; };
		A1560F531B40CCD800402354 /* AppDelegate.swift in Sources */ = {isa = PBXBuildFile; fileRef = A1560F521B40CCD800402354 /* AppDelegate.swift */; };
		A1560F581B40CCD800402354 /* Main.storyboard in Resources */ = {isa = PBXBuildFile; fileRef = A1560F561B40CCD800402354 /* Main.storyboard */; };
		A1560F5A1B40CCD800402354 /* Images.xcassets in Resources */ = {isa = PBXBuildFile; fileRef = A1560F591B40CCD800402354 /* Images.xcassets */; };
		A1560F5D1B40CCD800402354 /* LaunchScreen.xib in Resources */ = {isa = PBXBuildFile; fileRef = A1560F5B1B40CCD800402354 /* LaunchScreen.xib */; };
		A163F27E1B44BB7800DC8CCE /* Charge.swift in Sources */ = {isa = PBXBuildFile; fileRef = A163F27D1B44BB7800DC8CCE /* Charge.swift */; };
		A16CC3191B52C8AD00EA6066 /* Member.swift in Sources */ = {isa = PBXBuildFile; fileRef = A16CC3181B52C8AD00EA6066 /* Member.swift */; };
		A1C6802B1B440EBA00C0BBDE /* Signup.swift in Sources */ = {isa = PBXBuildFile; fileRef = A1C6802A1B440EBA00C0BBDE /* Signup.swift */; };
		A1C6802F1B440F1E00C0BBDE /* Trade.swift in Sources */ = {isa = PBXBuildFile; fileRef = A1C6802E1B440F1E00C0BBDE /* Trade.swift */; };
		A1D1DCA01B4365CF0068FCCF /* Main.swift in Sources */ = {isa = PBXBuildFile; fileRef = A1D1DC9F1B4365CF0068FCCF /* Main.swift */; };
		A1D1DCA21B4366660068FCCF /* Login.swift in Sources */ = {isa = PBXBuildFile; fileRef = A1D1DCA11B4366660068FCCF /* Login.swift */; };
/* End PBXBuildFile section */

/* Begin PBXFileReference section */
		4FC0846E4FFA4AC81C53E6E5 /* Pods.release.xcconfig */ = {isa = PBXFileReference; includeInIndex = 1; lastKnownFileType = text.xcconfig; name = Pods.release.xcconfig; path = "Pods/Target Support Files/Pods/Pods.release.xcconfig"; sourceTree = "<group>"; };
		851F651B7697D1E5B80A93D4 /* Pods.debug.xcconfig */ = {isa = PBXFileReference; includeInIndex = 1; lastKnownFileType = text.xcconfig; name = Pods.debug.xcconfig; path = "Pods/Target Support Files/Pods/Pods.debug.xcconfig"; sourceTree = "<group>"; };
		A11491E21B421B7D00327F4A /* Bridging-Header.h */ = {isa = PBXFileReference; lastKnownFileType = sourcecode.c.h; path = "Bridging-Header.h"; sourceTree = "<group>"; };
		A11BE3111B4F43A30056A2DA /* Merchant.swift */ = {isa = PBXFileReference; fileEncoding = 4; lastKnownFileType = sourcecode.swift; path = Merchant.swift; sourceTree = "<group>"; };
		A135813C1B51198100919E38 /* Promotion.swift */ = {isa = PBXFileReference; fileEncoding = 4; lastKnownFileType = sourcecode.swift; path = Promotion.swift; sourceTree = "<group>"; };
		A1560F4D1B40CCD800402354 /* member.app */ = {isa = PBXFileReference; explicitFileType = wrapper.application; includeInIndex = 0; path = member.app; sourceTree = BUILT_PRODUCTS_DIR; };
		A1560F511B40CCD800402354 /* Info.plist */ = {isa = PBXFileReference; lastKnownFileType = text.plist.xml; path = Info.plist; sourceTree = "<group>"; };
		A1560F521B40CCD800402354 /* AppDelegate.swift */ = {isa = PBXFileReference; lastKnownFileType = sourcecode.swift; path = AppDelegate.swift; sourceTree = "<group>"; };
		A1560F571B40CCD800402354 /* Base */ = {isa = PBXFileReference; lastKnownFileType = file.storyboard; name = Base; path = Base.lproj/Main.storyboard; sourceTree = "<group>"; };
		A1560F591B40CCD800402354 /* Images.xcassets */ = {isa = PBXFileReference; lastKnownFileType = folder.assetcatalog; path = Images.xcassets; sourceTree = "<group>"; };
		A1560F5C1B40CCD800402354 /* Base */ = {isa = PBXFileReference; lastKnownFileType = file.xib; name = Base; path = Base.lproj/LaunchScreen.xib; sourceTree = "<group>"; };
		A163F27D1B44BB7800DC8CCE /* Charge.swift */ = {isa = PBXFileReference; fileEncoding = 4; lastKnownFileType = sourcecode.swift; path = Charge.swift; sourceTree = "<group>"; };
		A16CC3181B52C8AD00EA6066 /* Member.swift */ = {isa = PBXFileReference; fileEncoding = 4; lastKnownFileType = sourcecode.swift; path = Member.swift; sourceTree = "<group>"; };
		A1C6802A1B440EBA00C0BBDE /* Signup.swift */ = {isa = PBXFileReference; fileEncoding = 4; lastKnownFileType = sourcecode.swift; path = Signup.swift; sourceTree = "<group>"; };
		A1C6802E1B440F1E00C0BBDE /* Trade.swift */ = {isa = PBXFileReference; fileEncoding = 4; lastKnownFileType = sourcecode.swift; path = Trade.swift; sourceTree = "<group>"; };
		A1D1DC9F1B4365CF0068FCCF /* Main.swift */ = {isa = PBXFileReference; fileEncoding = 4; lastKnownFileType = sourcecode.swift; path = Main.swift; sourceTree = "<group>"; };
		A1D1DCA11B4366660068FCCF /* Login.swift */ = {isa = PBXFileReference; fileEncoding = 4; lastKnownFileType = sourcecode.swift; path = Login.swift; sourceTree = "<group>"; };
		CA41DBE74A0951A11E141058 /* libPods.a */ = {isa = PBXFileReference; explicitFileType = archive.ar; includeInIndex = 0; path = libPods.a; sourceTree = BUILT_PRODUCTS_DIR; };
/* End PBXFileReference section */

/* Begin PBXFrameworksBuildPhase section */
		A1560F4A1B40CCD800402354 /* Frameworks */ = {
			isa = PBXFrameworksBuildPhase;
			buildActionMask = 2147483647;
			files = (
				761038C23CD5C8B939693762 /* libPods.a in Frameworks */,
			);
			runOnlyForDeploymentPostprocessing = 0;
		};
/* End PBXFrameworksBuildPhase section */

/* Begin PBXGroup section */
		657F8805807F5671E1A1848D /* Pods */ = {
			isa = PBXGroup;
			children = (
				851F651B7697D1E5B80A93D4 /* Pods.debug.xcconfig */,
				4FC0846E4FFA4AC81C53E6E5 /* Pods.release.xcconfig */,
			);
			name = Pods;
			sourceTree = "<group>";
		};
		A1560F441B40CCD700402354 = {
			isa = PBXGroup;
			children = (
				A1560F4F1B40CCD800402354 /* member */,
				A1560F4E1B40CCD800402354 /* Products */,
				657F8805807F5671E1A1848D /* Pods */,
				C6BC1953EF190CB4D2494C6E /* Frameworks */,
			);
			sourceTree = "<group>";
		};
		A1560F4E1B40CCD800402354 /* Products */ = {
			isa = PBXGroup;
			children = (
				A1560F4D1B40CCD800402354 /* member.app */,
			);
			name = Products;
			sourceTree = "<group>";
		};
		A1560F4F1B40CCD800402354 /* member */ = {
			isa = PBXGroup;
			children = (
				A1560F561B40CCD800402354 /* Main.storyboard */,
				A1560F521B40CCD800402354 /* AppDelegate.swift */,
				A1D1DC9F1B4365CF0068FCCF /* Main.swift */,
				A1D1DCA11B4366660068FCCF /* Login.swift */,
				A1C6802E1B440F1E00C0BBDE /* Trade.swift */,
				A163F27D1B44BB7800DC8CCE /* Charge.swift */,
				A1C6802A1B440EBA00C0BBDE /* Signup.swift */,
				A11BE3111B4F43A30056A2DA /* Merchant.swift */,
				A135813C1B51198100919E38 /* Promotion.swift */,
				A16CC3181B52C8AD00EA6066 /* Member.swift */,
				A1560F591B40CCD800402354 /* Images.xcassets */,
				A1560F5B1B40CCD800402354 /* LaunchScreen.xib */,
				A1560F501B40CCD800402354 /* Supporting Files */,
			);
			path = member;
			sourceTree = "<group>";
		};
		A1560F501B40CCD800402354 /* Supporting Files */ = {
			isa = PBXGroup;
			children = (
				A11491E21B421B7D00327F4A /* Bridging-Header.h */,
				A1560F511B40CCD800402354 /* Info.plist */,
			);
			name = "Supporting Files";
			sourceTree = "<group>";
		};
		C6BC1953EF190CB4D2494C6E /* Frameworks */ = {
			isa = PBXGroup;
			children = (
				CA41DBE74A0951A11E141058 /* libPods.a */,
			);
			name = Frameworks;
			sourceTree = "<group>";
		};
/* End PBXGroup section */

/* Begin PBXNativeTarget section */
		A1560F4C1B40CCD800402354 /* member */ = {
			isa = PBXNativeTarget;
			buildConfigurationList = A1560F6C1B40CCD800402354 /* Build configuration list for PBXNativeTarget "member" */;
			buildPhases = (
				D12D523BBAD02AFCACE2A146 /* Check Pods Manifest.lock */,
				A1560F491B40CCD800402354 /* Sources */,
				A1560F4A1B40CCD800402354 /* Frameworks */,
				A1560F4B1B40CCD800402354 /* Resources */,
				DC5DD3EB94FE1CC788785584 /* Copy Pods Resources */,
			);
			buildRules = (
			);
			dependencies = (
			);
			name = member;
			productName = member;
			productReference = A1560F4D1B40CCD800402354 /* member.app */;
			productType = "com.apple.product-type.application";
		};
/* End PBXNativeTarget section */

/* Begin PBXProject section */
		A1560F451B40CCD700402354 /* Project object */ = {
			isa = PBXProject;
			attributes = {
				LastUpgradeCheck = 0630;
				ORGANIZATIONNAME = Folse;
				TargetAttributes = {
					A1560F4C1B40CCD800402354 = {
						CreatedOnToolsVersion = 6.3.2;
						DevelopmentTeam = V68CP8VT5Z;
					};
				};
			};
			buildConfigurationList = A1560F481B40CCD700402354 /* Build configuration list for PBXProject "member" */;
			compatibilityVersion = "Xcode 3.2";
			developmentRegion = English;
			hasScannedForEncodings = 0;
			knownRegions = (
				en,
				Base,
			);
			mainGroup = A1560F441B40CCD700402354;
			productRefGroup = A1560F4E1B40CCD800402354 /* Products */;
			projectDirPath = "";
			projectRoot = "";
			targets = (
				A1560F4C1B40CCD800402354 /* member */,
			);
		};
/* End PBXProject section */

/* Begin PBXResourcesBuildPhase section */
		A1560F4B1B40CCD800402354 /* Resources */ = {
			isa = PBXResourcesBuildPhase;
			buildActionMask = 2147483647;
			files = (
				A1560F581B40CCD800402354 /* Main.storyboard in Resources */,
				A1560F5D1B40CCD800402354 /* LaunchScreen.xib in Resources */,
				A1560F5A1B40CCD800402354 /* Images.xcassets in Resources */,
			);
			runOnlyForDeploymentPostprocessing = 0;
		};
/* End PBXResourcesBuildPhase section */

/* Begin PBXShellScriptBuildPhase section */
		D12D523BBAD02AFCACE2A146 /* Check Pods Manifest.lock */ = {
			isa = PBXShellScriptBuildPhase;
			buildActionMask = 2147483647;
			files = (
			);
			inputPaths = (
			);
			name = "Check Pods Manifest.lock";
			outputPaths = (
			);
			runOnlyForDeploymentPostprocessing = 0;
			shellPath = /bin/sh;
			shellScript = "diff \"${PODS_ROOT}/../Podfile.lock\" \"${PODS_ROOT}/Manifest.lock\" > /dev/null\nif [[ $? != 0 ]] ; then\n    cat << EOM\nerror: The sandbox is not in sync with the Podfile.lock. Run 'pod install' or update your CocoaPods installation.\nEOM\n    exit 1\nfi\n";
			showEnvVarsInLog = 0;
		};
		DC5DD3EB94FE1CC788785584 /* Copy Pods Resources */ = {
			isa = PBXShellScriptBuildPhase;
			buildActionMask = 2147483647;
			files = (
			);
			inputPaths = (
			);
			name = "Copy Pods Resources";
			outputPaths = (
			);
			runOnlyForDeploymentPostprocessing = 0;
			shellPath = /bin/sh;
			shellScript = "\"${SRCROOT}/Pods/Target Support Files/Pods/Pods-resources.sh\"\n";
			showEnvVarsInLog = 0;
		};
/* End PBXShellScriptBuildPhase section */

/* Begin PBXSourcesBuildPhase section */
		A1560F491B40CCD800402354 /* Sources */ = {
			isa = PBXSourcesBuildPhase;
			buildActionMask = 2147483647;
			files = (
				A1C6802B1B440EBA00C0BBDE /* Signup.swift in Sources */,
				A135813D1B51198100919E38 /* Promotion.swift in Sources */,
				A11BE3121B4F43A30056A2DA /* Merchant.swift in Sources */,
				A163F27E1B44BB7800DC8CCE /* Charge.swift in Sources */,
				A16CC3191B52C8AD00EA6066 /* Member.swift in Sources */,
				A1C6802F1B440F1E00C0BBDE /* Trade.swift in Sources */,
				A1D1DCA01B4365CF0068FCCF /* Main.swift in Sources */,
				A1560F531B40CCD800402354 /* AppDelegate.swift in Sources */,
				A1D1DCA21B4366660068FCCF /* Login.swift in Sources */,
			);
			runOnlyForDeploymentPostprocessing = 0;
		};
/* End PBXSourcesBuildPhase section */

/* Begin PBXVariantGroup section */
		A1560F561B40CCD800402354 /* Main.storyboard */ = {
			isa = PBXVariantGroup;
			children = (
				A1560F571B40CCD800402354 /* Base */,
			);
			name = Main.storyboard;
			sourceTree = "<group>";
		};
		A1560F5B1B40CCD800402354 /* LaunchScreen.xib */ = {
			isa = PBXVariantGroup;
			children = (
				A1560F5C1B40CCD800402354 /* Base */,
			);
			name = LaunchScreen.xib;
			sourceTree = "<group>";
		};
/* End PBXVariantGroup section */

/* Begin XCBuildConfiguration section */
		A1560F6A1B40CCD800402354 /* Debug */ = {
			isa = XCBuildConfiguration;
			buildSettings = {
				ALWAYS_SEARCH_USER_PATHS = NO;
				CLANG_CXX_LANGUAGE_STANDARD = "gnu++0x";
				CLANG_CXX_LIBRARY = "libc++";
				CLANG_ENABLE_MODULES = YES;
				CLANG_ENABLE_OBJC_ARC = YES;
				CLANG_WARN_BOOL_CONVERSION = YES;
				CLANG_WARN_CONSTANT_CONVERSION = YES;
				CLANG_WARN_DIRECT_OBJC_ISA_USAGE = YES_ERROR;
				CLANG_WARN_EMPTY_BODY = YES;
				CLANG_WARN_ENUM_CONVERSION = YES;
				CLANG_WARN_INT_CONVERSION = YES;
				CLANG_WARN_OBJC_ROOT_CLASS = YES_ERROR;
				CLANG_WARN_UNREACHABLE_CODE = YES;
				CLANG_WARN__DUPLICATE_METHOD_MATCH = YES;
				"CODE_SIGN_IDENTITY[sdk=iphoneos*]" = "iPhone Developer";
				COPY_PHASE_STRIP = NO;
				DEBUG_INFORMATION_FORMAT = "dwarf-with-dsym";
				ENABLE_STRICT_OBJC_MSGSEND = YES;
				GCC_C_LANGUAGE_STANDARD = gnu99;
				GCC_DYNAMIC_NO_PIC = NO;
				GCC_NO_COMMON_BLOCKS = YES;
				GCC_OPTIMIZATION_LEVEL = 0;
				GCC_PREPROCESSOR_DEFINITIONS = (
					"DEBUG=1",
					"$(inherited)",
				);
				GCC_SYMBOLS_PRIVATE_EXTERN = NO;
				GCC_WARN_64_TO_32_BIT_CONVERSION = YES;
				GCC_WARN_ABOUT_RETURN_TYPE = YES_ERROR;
				GCC_WARN_UNDECLARED_SELECTOR = YES;
				GCC_WARN_UNINITIALIZED_AUTOS = YES_AGGRESSIVE;
				GCC_WARN_UNUSED_FUNCTION = YES;
				GCC_WARN_UNUSED_VARIABLE = YES;
				IPHONEOS_DEPLOYMENT_TARGET = 8.3;
				MTL_ENABLE_DEBUG_INFO = YES;
				ONLY_ACTIVE_ARCH = YES;
				SDKROOT = iphoneos;
				SWIFT_OPTIMIZATION_LEVEL = "-Onone";
			};
			name = Debug;
		};
		A1560F6B1B40CCD800402354 /* Release */ = {
			isa = XCBuildConfiguration;
			buildSettings = {
				ALWAYS_SEARCH_USER_PATHS = NO;
				CLANG_CXX_LANGUAGE_STANDARD = "gnu++0x";
				CLANG_CXX_LIBRARY = "libc++";
				CLANG_ENABLE_MODULES = YES;
				CLANG_ENABLE_OBJC_ARC = YES;
				CLANG_WARN_BOOL_CONVERSION = YES;
				CLANG_WARN_CONSTANT_CONVERSION = YES;
				CLANG_WARN_DIRECT_OBJC_ISA_USAGE = YES_ERROR;
				CLANG_WARN_EMPTY_BODY = YES;
				CLANG_WARN_ENUM_CONVERSION = YES;
				CLANG_WARN_INT_CONVERSION = YES;
				CLANG_WARN_OBJC_ROOT_CLASS = YES_ERROR;
				CLANG_WARN_UNREACHABLE_CODE = YES;
				CLANG_WARN__DUPLICATE_METHOD_MATCH = YES;
				"CODE_SIGN_IDENTITY[sdk=iphoneos*]" = "iPhone Developer";
				COPY_PHASE_STRIP = NO;
				DEBUG_INFORMATION_FORMAT = "dwarf-with-dsym";
				ENABLE_NS_ASSERTIONS = NO;
				ENABLE_STRICT_OBJC_MSGSEND = YES;
				GCC_C_LANGUAGE_STANDARD = gnu99;
				GCC_NO_COMMON_BLOCKS = YES;
				GCC_WARN_64_TO_32_BIT_CONVERSION = YES;
				GCC_WARN_ABOUT_RETURN_TYPE = YES_ERROR;
				GCC_WARN_UNDECLARED_SELECTOR = YES;
				GCC_WARN_UNINITIALIZED_AUTOS = YES_AGGRESSIVE;
				GCC_WARN_UNUSED_FUNCTION = YES;
				GCC_WARN_UNUSED_VARIABLE = YES;
				IPHONEOS_DEPLOYMENT_TARGET = 8.3;
				MTL_ENABLE_DEBUG_INFO = NO;
				SDKROOT = iphoneos;
				VALIDATE_PRODUCT = YES;
			};
			name = Release;
		};
		A1560F6D1B40CCD800402354 /* Debug */ = {
			isa = XCBuildConfiguration;
			baseConfigurationReference = 851F651B7697D1E5B80A93D4 /* Pods.debug.xcconfig */;
			buildSettings = {
				ASSETCATALOG_COMPILER_APPICON_NAME = AppIcon;
				ASSETCATALOG_COMPILER_LAUNCHIMAGE_NAME = LaunchImage;
				CODE_SIGN_IDENTITY = "iPhone Developer";
				"CODE_SIGN_IDENTITY[sdk=iphoneos*]" = "iPhone Developer";
				INFOPLIST_FILE = member/Info.plist;
				IPHONEOS_DEPLOYMENT_TARGET = 7.0;
				LD_RUNPATH_SEARCH_PATHS = "$(inherited) @executable_path/Frameworks";
				PRODUCT_NAME = "$(TARGET_NAME)";
				PROVISIONING_PROFILE = "";
				SWIFT_OBJC_BRIDGING_HEADER = "member/Bridging-Header.h";
			};
			name = Debug;
		};
		A1560F6E1B40CCD800402354 /* Release */ = {
			isa = XCBuildConfiguration;
			baseConfigurationReference = 4FC0846E4FFA4AC81C53E6E5 /* Pods.release.xcconfig */;
			buildSettings = {
				ASSETCATALOG_COMPILER_APPICON_NAME = AppIcon;
				ASSETCATALOG_COMPILER_LAUNCHIMAGE_NAME = LaunchImage;
				CODE_SIGN_IDENTITY = "iPhone Distribution";
				"CODE_SIGN_IDENTITY[sdk=iphoneos*]" = "iPhone Distribution";
				INFOPLIST_FILE = member/Info.plist;
				IPHONEOS_DEPLOYMENT_TARGET = 7.0;
				LD_RUNPATH_SEARCH_PATHS = "$(inherited) @executable_path/Frameworks";
				PRODUCT_NAME = "$(TARGET_NAME)";
				PROVISIONING_PROFILE = "";
				SWIFT_OBJC_BRIDGING_HEADER = "member/Bridging-Header.h";
			};
			name = Release;
		};
/* End XCBuildConfiguration section */

/* Begin XCConfigurationList section */
		A1560F481B40CCD700402354 /* Build configuration list for PBXProject "member" */ = {
			isa = XCConfigurationList;
			buildConfigurations = (
				A1560F6A1B40CCD800402354 /* Debug */,
				A1560F6B1B40CCD800402354 /* Release */,
			);
			defaultConfigurationIsVisible = 0;
			defaultConfigurationName = Release;
		};
		A1560F6C1B40CCD800402354 /* Build configuration list for PBXNativeTarget "member" */ = {
			isa = XCConfigurationList;
			buildConfigurations = (
				A1560F6D1B40CCD800402354 /* Debug */,
				A1560F6E1B40CCD800402354 /* Release */,
			);
			defaultConfigurationIsVisible = 0;
			defaultConfigurationName = Release;
		};
/* End XCConfigurationList section */
	};
	rootObject = A1560F451B40CCD700402354 /* Project object */;
}
